{
  "name": "nextform-frontend",
  "version": "1.0.0",
  "lockfileVersion": 1,
  "requires": true,
  "dependencies": {
    "dj-library": {
      "version": "1.0.98",
      "resolved": "https://registry.npmjs.org/dj-library/-/dj-library-1.0.98.tgz",
      "integrity": "sha512-yts+6vQ6Zi9W4IPTZtZutcxnZTnzS4vwPUAh6LqcKQ5cy7gyxwszcwL46nN38Wznnl/J/8A+zjPXoY/uLG5lRA==",
      "requires": {
        "google-closure-library": "20170409.0.0"
      }
    },
    "google-closure-library": {
      "version": "20170409.0.0",
      "resolved": "https://registry.npmjs.org/google-closure-library/-/google-closure-library-20170409.0.0.tgz",
      "integrity": "sha1-4VL1/61/h5zykWS9aw3i9NBKPhk="
    }
  }
}
